PODS:
  - GCDWebServer (3.3.3):
    - GCDWebServer/Core (= 3.3.3)
  - GCDWebServer/Core (3.3.3)
  - GRDB.swift (0.105.0)

DEPENDENCIES:
  - GCDWebServer (~> 3.0)
  - GRDB.swift

SPEC CHECKSUMS:
  GCDWebServer: 1c39a1f0763e4eb492bee021e4270fce097d3555
  GRDB.swift: a21d29acf4b3bde1aaabcaf76dc0a4b64cc96a12

PODFILE CHECKSUM: ff1835e8527190e4784e84c9990680deaa484c37

COCOAPODS: 1.0.1
